
Microsoft Visual Studio Solution File, Format Version 12.00
# Visual Studio Version 16
VisualStudioVersion = 16.0.31402.337
MinimumVisualStudioVersion = 10.0.40219.1
Project("{FAE04EC0-301F-11D3-BF4B-00C04F79EFBC}") = "Observer", "Observer\Observer.csproj", "{71FFCC4D-E1D6-42E8-A65A-CC28EFCFD09E}"
EndProject
Project("{FAE04EC0-301F-11D3-BF4B-00C04F79EFBC}") = "patternObserver", "patternObserver\patternObserver.csproj", "{983F4B98-6DC3-4D57-93F8-FB7CA7BBCF87}"
EndProject
Global
	GlobalSection(SolutionConfigurationPlatforms) = preSolution
		Debug|Any CPU = Debug|Any CPU
		Release|Any CPU = Release|Any CPU
	EndGlobalSection
	GlobalSection(ProjectConfigurationPlatforms) = postSolution
		{71FFCC4D-E1D6-42E8-A65A-CC28EFCFD09E}.Debug|Any CPU.ActiveCfg = Debug|Any CPU
		{71FFCC4D-E1D6-42E8-A65A-CC28EFCFD09E}.Debug|Any CPU.Build.0 = Debug|Any CPU
		{71FFCC4D-E1D6-42E8-A65A-CC28EFCFD09E}.Release|Any CPU.ActiveCfg = Release|Any CPU
		{71FFCC4D-E1D6-42E8-A65A-CC28EFCFD09E}.Release|Any CPU.Build.0 = Release|Any CPU
		{983F4B98-6DC3-4D57-93F8-FB7CA7BBCF87}.Debug|Any CPU.ActiveCfg = Debug|Any CPU
		{983F4B98-6DC3-4D57-93F8-FB7CA7BBCF87}.Debug|Any CPU.Build.0 = Debug|Any CPU
		{983F4B98-6DC3-4D57-93F8-FB7CA7BBCF87}.Release|Any CPU.ActiveCfg = Release|Any CPU
		{983F4B98-6DC3-4D57-93F8-FB7CA7BBCF87}.Release|Any CPU.Build.0 = Release|Any CPU
	EndGlobalSection
	GlobalSection(SolutionProperties) = preSolution
		HideSolutionNode = FALSE
	EndGlobalSection
	GlobalSection(ExtensibilityGlobals) = postSolution
		SolutionGuid = {425BEFEF-3ED6-4D7E-80C0-504A16E65DA7}
	EndGlobalSection
EndGlobal
